
Microsoft Visual Studio Solution File, Format Version 12.00
# Visual Studio 15
VisualStudioVersion = 15.0.27130.2024
MinimumVisualStudioVersion = 10.0.40219.1
Project("{FAE04EC0-301F-11D3-BF4B-00C04F79EFBC}") = "Automation", "Automation\Automation.csproj", "{1434ECE5-90E4-4A9A-982B-C57ADA58F1F3}"
EndProject
Project("{FAE04EC0-301F-11D3-BF4B-00C04F79EFBC}") = "Test", "Test\Test.csproj", "{CC113BB0-4612-4D28-8AD4-68EAB8867B91}"
EndProject
Global
	GlobalSection(SolutionConfigurationPlatforms) = preSolution
		Debug|Any CPU = Debug|Any CPU
		Release|Any CPU = Release|Any CPU
	EndGlobalSection
	GlobalSection(ProjectConfigurationPlatforms) = postSolution
		{1434ECE5-90E4-4A9A-982B-C57ADA58F1F3}.Debug|Any CPU.ActiveCfg = Debug|Any CPU
		{1434ECE5-90E4-4A9A-982B-C57ADA58F1F3}.Debug|Any CPU.Build.0 = Debug|Any CPU
		{1434ECE5-90E4-4A9A-982B-C57ADA58F1F3}.Release|Any CPU.ActiveCfg = Release|Any CPU
		{1434ECE5-90E4-4A9A-982B-C57ADA58F1F3}.Release|Any CPU.Build.0 = Release|Any CPU
		{CC113BB0-4612-4D28-8AD4-68EAB8867B91}.Debug|Any CPU.ActiveCfg = Debug|Any CPU
		{CC113BB0-4612-4D28-8AD4-68EAB8867B91}.Debug|Any CPU.Build.0 = Debug|Any CPU
		{CC113BB0-4612-4D28-8AD4-68EAB8867B91}.Release|Any CPU.ActiveCfg = Release|Any CPU
		{CC113BB0-4612-4D28-8AD4-68EAB8867B91}.Release|Any CPU.Build.0 = Release|Any CPU
	EndGlobalSection
	GlobalSection(SolutionProperties) = preSolution
		HideSolutionNode = FALSE
	EndGlobalSection
	GlobalSection(ExtensibilityGlobals) = postSolution
		SolutionGuid = {180C055E-1858-42BC-A2A6-305337101881}
	EndGlobalSection
EndGlobal
