
Microsoft Visual Studio Solution File, Format Version 12.00
# Visual Studio 15
VisualStudioVersion = 15.0.27130.2024
MinimumVisualStudioVersion = 10.0.40219.1
Project("{FAE04EC0-301F-11D3-BF4B-00C04F79EFBC}") = "framework", "framework\framework.csproj", "{326F9369-CE4F-4C7F-AC75-B5CAC9D62EFC}"
EndProject
Project("{FAE04EC0-301F-11D3-BF4B-00C04F79EFBC}") = "TestLibrary", "TestLibrary\TestLibrary.csproj", "{73880AB9-744C-46CC-BF3F-B0FFB99CF96C}"
EndProject
Global
	GlobalSection(SolutionConfigurationPlatforms) = preSolution
		Debug|Any CPU = Debug|Any CPU
		Release|Any CPU = Release|Any CPU
	EndGlobalSection
	GlobalSection(ProjectConfigurationPlatforms) = postSolution
		{326F9369-CE4F-4C7F-AC75-B5CAC9D62EFC}.Debug|Any CPU.ActiveCfg = Debug|Any CPU
		{326F9369-CE4F-4C7F-AC75-B5CAC9D62EFC}.Debug|Any CPU.Build.0 = Debug|Any CPU
		{326F9369-CE4F-4C7F-AC75-B5CAC9D62EFC}.Release|Any CPU.ActiveCfg = Release|Any CPU
		{326F9369-CE4F-4C7F-AC75-B5CAC9D62EFC}.Release|Any CPU.Build.0 = Release|Any CPU
		{73880AB9-744C-46CC-BF3F-B0FFB99CF96C}.Debug|Any CPU.ActiveCfg = Debug|Any CPU
		{73880AB9-744C-46CC-BF3F-B0FFB99CF96C}.Debug|Any CPU.Build.0 = Debug|Any CPU
		{73880AB9-744C-46CC-BF3F-B0FFB99CF96C}.Release|Any CPU.ActiveCfg = Release|Any CPU
		{73880AB9-744C-46CC-BF3F-B0FFB99CF96C}.Release|Any CPU.Build.0 = Release|Any CPU
	EndGlobalSection
	GlobalSection(SolutionProperties) = preSolution
		HideSolutionNode = FALSE
	EndGlobalSection
	GlobalSection(ExtensibilityGlobals) = postSolution
		SolutionGuid = {549BCBCF-6406-48BD-8F2D-CD42A662D1A3}
	EndGlobalSection
EndGlobal
